
Microsoft Visual Studio Solution File, Format Version 12.00
# Visual Studio Version 16
VisualStudioVersion = 25.0.1706.3
MinimumVisualStudioVersion = 10.0.40219.1
Project("{2150E333-8FDC-42A3-9474-1A3956D46DE8}") = "Services", "Services", "{D2D3D9C9-7C36-4454-A403-7AF943BD48EC}"
EndProject
Project("{2150E333-8FDC-42A3-9474-1A3956D46DE8}") = "Catalog", "Catalog", "{0B486EA8-D5E4-4BA0-8DE6-01D08900BECE}"
EndProject
Project("{FAE04EC0-301F-11D3-BF4B-00C04F79EFBC}") = "FreeCourse.Services.Catalog", "Services\Catalog\FreeCourse.Services.Catalog\FreeCourse.Services.Catalog.csproj", "{20DCE7A6-4640-46E1-AAD2-4BDB0EAC2EF0}"
EndProject
Project("{2150E333-8FDC-42A3-9474-1A3956D46DE8}") = "Solution Items", "Solution Items", "{7EBBC8B6-E0FB-4E0B-BEA9-3758B8F8A6FC}"
	ProjectSection(SolutionItems) = preProject
		Ports.txt = Ports.txt
	EndProjectSection
EndProject
Project("{2150E333-8FDC-42A3-9474-1A3956D46DE8}") = "Shared", "Shared", "{EABC85FD-2A53-4E10-BC4C-ED55EC8A4413}"
EndProject
Project("{FAE04EC0-301F-11D3-BF4B-00C04F79EFBC}") = "FreeCourse.Shared", "Shared\FreeCourse.Shared\FreeCourse.Shared.csproj", "{A0029517-895B-4BD9-9E48-960FEF8F8F23}"
EndProject
Project("{2150E333-8FDC-42A3-9474-1A3956D46DE8}") = "IdentityServer", "IdentityServer", "{19812CB3-27D1-4D96-B310-140E71628A57}"
EndProject
Project("{FAE04EC0-301F-11D3-BF4B-00C04F79EFBC}") = "FreeCourse.IdentityServer", "IdentityServer\FreeCourse.IdentityServer\FreeCourse.IdentityServer.csproj", "{C257E872-836F-49CB-AE9B-45C75E28927F}"
EndProject
Project("{2150E333-8FDC-42A3-9474-1A3956D46DE8}") = "PhotoStock", "PhotoStock", "{0002941C-0463-4A64-93A7-C4DF9BC60B10}"
EndProject
Project("{2150E333-8FDC-42A3-9474-1A3956D46DE8}") = "Basket", "Basket", "{A5AFD818-2504-46A2-A695-E1FEC316CD1F}"
EndProject
Project("{FAE04EC0-301F-11D3-BF4B-00C04F79EFBC}") = "FreeCourse.Services.Basket", "Services\Basket\FreeCourse.Services.Basket\FreeCourse.Services.Basket.csproj", "{0265ECFD-715D-4F64-B428-765E043F6F7E}"
EndProject
Project("{2150E333-8FDC-42A3-9474-1A3956D46DE8}") = "Discount", "Discount", "{7FB1AFBE-44AE-463E-B1FD-BEAD80091C21}"
EndProject
Project("{FAE04EC0-301F-11D3-BF4B-00C04F79EFBC}") = "FreeCourse.Services.Discount", "Services\Discount\FreeCourse.Services.Discount\FreeCourse.Services.Discount.csproj", "{9E56A4F1-7650-47EA-955D-1B2159F7B471}"
EndProject
Project("{FAE04EC0-301F-11D3-BF4B-00C04F79EFBC}") = "FreeCourse.Services.PhotoStock", "Services\PhotoStock\FreeCourse.Services.PhotoStock\FreeCourse.Services.PhotoStock.csproj", "{6152FDC8-B2E8-4CB0-90C1-5B51A9A15B2E}"
EndProject
Project("{2150E333-8FDC-42A3-9474-1A3956D46DE8}") = "Scripts", "Scripts", "{6104DBB7-4DFC-484D-B0EC-86B9EE1C1E08}"
EndProject
Project("{2150E333-8FDC-42A3-9474-1A3956D46DE8}") = "Order", "Order", "{787EAE56-F1C5-48A2-96A9-830C876CE2EE}"
EndProject
Project("{FAE04EC0-301F-11D3-BF4B-00C04F79EFBC}") = "FreeCourse.Services.Order.API", "Services\Order\FreeCourse.Services.Order.API\FreeCourse.Services.Order.API.csproj", "{D3EB82CA-C22E-4F16-B167-124415DEDE9D}"
EndProject
Project("{FAE04EC0-301F-11D3-BF4B-00C04F79EFBC}") = "FreeCourse.Services.Order.Application", "Services\Order\FreeCourse.Services.Order.Application\FreeCourse.Services.Order.Application.csproj", "{AC214F0E-51F5-46D8-8B77-1EC810655C5F}"
EndProject
Project("{FAE04EC0-301F-11D3-BF4B-00C04F79EFBC}") = "FreeCourse.Services.Order.Domain", "Services\Order\FreeCourse.Services.Order.Domain\FreeCourse.Services.Order.Domain.csproj", "{B991ABDC-8F0C-494F-B34E-687754F3E1E0}"
EndProject
Project("{FAE04EC0-301F-11D3-BF4B-00C04F79EFBC}") = "FreeCourse.Services.Order.Domain.Core", "Services\Order\FreeCourse.Services.Order.Domain.Core\FreeCourse.Services.Order.Domain.Core.csproj", "{640E019C-9A10-45D4-A9A2-648C1CCBFF05}"
EndProject
Project("{FAE04EC0-301F-11D3-BF4B-00C04F79EFBC}") = "FreeCourse.Services.Order.Infrastructure", "Services\Order\FreeCourse.Services.Order.Infrastructure\FreeCourse.Services.Order.Infrastructure.csproj", "{31DED30A-4C31-4E12-B556-4B76F60D8CE0}"
EndProject
Project("{2150E333-8FDC-42A3-9474-1A3956D46DE8}") = "FakePayment", "FakePayment", "{CA61071C-A4C3-4E85-A1BF-BE3E45D161AE}"
EndProject
Project("{FAE04EC0-301F-11D3-BF4B-00C04F79EFBC}") = "FreeCourse.Services.FakePayment", "Services\FakePayment\FreeCourse.Services.FakePayment\FreeCourse.Services.FakePayment.csproj", "{006146D8-20F2-4286-901C-DE69578A62B1}"
EndProject
Global
	GlobalSection(SolutionConfigurationPlatforms) = preSolution
		Debug|Any CPU = Debug|Any CPU
		Release|Any CPU = Release|Any CPU
	EndGlobalSection
	GlobalSection(ProjectConfigurationPlatforms) = postSolution
		{20DCE7A6-4640-46E1-AAD2-4BDB0EAC2EF0}.Debug|Any CPU.ActiveCfg = Debug|Any CPU
		{20DCE7A6-4640-46E1-AAD2-4BDB0EAC2EF0}.Debug|Any CPU.Build.0 = Debug|Any CPU
		{20DCE7A6-4640-46E1-AAD2-4BDB0EAC2EF0}.Release|Any CPU.ActiveCfg = Release|Any CPU
		{20DCE7A6-4640-46E1-AAD2-4BDB0EAC2EF0}.Release|Any CPU.Build.0 = Release|Any CPU
		{A0029517-895B-4BD9-9E48-960FEF8F8F23}.Debug|Any CPU.ActiveCfg = Debug|Any CPU
		{A0029517-895B-4BD9-9E48-960FEF8F8F23}.Debug|Any CPU.Build.0 = Debug|Any CPU
		{A0029517-895B-4BD9-9E48-960FEF8F8F23}.Release|Any CPU.ActiveCfg = Release|Any CPU
		{A0029517-895B-4BD9-9E48-960FEF8F8F23}.Release|Any CPU.Build.0 = Release|Any CPU
		{C257E872-836F-49CB-AE9B-45C75E28927F}.Debug|Any CPU.ActiveCfg = Debug|Any CPU
		{C257E872-836F-49CB-AE9B-45C75E28927F}.Debug|Any CPU.Build.0 = Debug|Any CPU
		{C257E872-836F-49CB-AE9B-45C75E28927F}.Release|Any CPU.ActiveCfg = Release|Any CPU
		{C257E872-836F-49CB-AE9B-45C75E28927F}.Release|Any CPU.Build.0 = Release|Any CPU
		{0265ECFD-715D-4F64-B428-765E043F6F7E}.Debug|Any CPU.ActiveCfg = Debug|Any CPU
		{0265ECFD-715D-4F64-B428-765E043F6F7E}.Debug|Any CPU.Build.0 = Debug|Any CPU
		{0265ECFD-715D-4F64-B428-765E043F6F7E}.Release|Any CPU.ActiveCfg = Release|Any CPU
		{0265ECFD-715D-4F64-B428-765E043F6F7E}.Release|Any CPU.Build.0 = Release|Any CPU
		{9E56A4F1-7650-47EA-955D-1B2159F7B471}.Debug|Any CPU.ActiveCfg = Debug|Any CPU
		{9E56A4F1-7650-47EA-955D-1B2159F7B471}.Debug|Any CPU.Build.0 = Debug|Any CPU
		{9E56A4F1-7650-47EA-955D-1B2159F7B471}.Release|Any CPU.ActiveCfg = Release|Any CPU
		{9E56A4F1-7650-47EA-955D-1B2159F7B471}.Release|Any CPU.Build.0 = Release|Any CPU
		{6152FDC8-B2E8-4CB0-90C1-5B51A9A15B2E}.Debug|Any CPU.ActiveCfg = Debug|Any CPU
		{6152FDC8-B2E8-4CB0-90C1-5B51A9A15B2E}.Debug|Any CPU.Build.0 = Debug|Any CPU
		{6152FDC8-B2E8-4CB0-90C1-5B51A9A15B2E}.Release|Any CPU.ActiveCfg = Release|Any CPU
		{6152FDC8-B2E8-4CB0-90C1-5B51A9A15B2E}.Release|Any CPU.Build.0 = Release|Any CPU
		{D3EB82CA-C22E-4F16-B167-124415DEDE9D}.Debug|Any CPU.ActiveCfg = Debug|Any CPU
		{D3EB82CA-C22E-4F16-B167-124415DEDE9D}.Debug|Any CPU.Build.0 = Debug|Any CPU
		{D3EB82CA-C22E-4F16-B167-124415DEDE9D}.Release|Any CPU.ActiveCfg = Release|Any CPU
		{D3EB82CA-C22E-4F16-B167-124415DEDE9D}.Release|Any CPU.Build.0 = Release|Any CPU
		{AC214F0E-51F5-46D8-8B77-1EC810655C5F}.Debug|Any CPU.ActiveCfg = Debug|Any CPU
		{AC214F0E-51F5-46D8-8B77-1EC810655C5F}.Debug|Any CPU.Build.0 = Debug|Any CPU
		{AC214F0E-51F5-46D8-8B77-1EC810655C5F}.Release|Any CPU.ActiveCfg = Release|Any CPU
		{AC214F0E-51F5-46D8-8B77-1EC810655C5F}.Release|Any CPU.Build.0 = Release|Any CPU
		{B991ABDC-8F0C-494F-B34E-687754F3E1E0}.Debug|Any CPU.ActiveCfg = Debug|Any CPU
		{B991ABDC-8F0C-494F-B34E-687754F3E1E0}.Debug|Any CPU.Build.0 = Debug|Any CPU
		{B991ABDC-8F0C-494F-B34E-687754F3E1E0}.Release|Any CPU.ActiveCfg = Release|Any CPU
		{B991ABDC-8F0C-494F-B34E-687754F3E1E0}.Release|Any CPU.Build.0 = Release|Any CPU
		{640E019C-9A10-45D4-A9A2-648C1CCBFF05}.Debug|Any CPU.ActiveCfg = Debug|Any CPU
		{640E019C-9A10-45D4-A9A2-648C1CCBFF05}.Debug|Any CPU.Build.0 = Debug|Any CPU
		{640E019C-9A10-45D4-A9A2-648C1CCBFF05}.Release|Any CPU.ActiveCfg = Release|Any CPU
		{640E019C-9A10-45D4-A9A2-648C1CCBFF05}.Release|Any CPU.Build.0 = Release|Any CPU
		{31DED30A-4C31-4E12-B556-4B76F60D8CE0}.Debug|Any CPU.ActiveCfg = Debug|Any CPU
		{31DED30A-4C31-4E12-B556-4B76F60D8CE0}.Debug|Any CPU.Build.0 = Debug|Any CPU
		{31DED30A-4C31-4E12-B556-4B76F60D8CE0}.Release|Any CPU.ActiveCfg = Release|Any CPU
		{31DED30A-4C31-4E12-B556-4B76F60D8CE0}.Release|Any CPU.Build.0 = Release|Any CPU
		{006146D8-20F2-4286-901C-DE69578A62B1}.Debug|Any CPU.ActiveCfg = Debug|Any CPU
		{006146D8-20F2-4286-901C-DE69578A62B1}.Debug|Any CPU.Build.0 = Debug|Any CPU
		{006146D8-20F2-4286-901C-DE69578A62B1}.Release|Any CPU.ActiveCfg = Release|Any CPU
		{006146D8-20F2-4286-901C-DE69578A62B1}.Release|Any CPU.Build.0 = Release|Any CPU
	EndGlobalSection
	GlobalSection(SolutionProperties) = preSolution
		HideSolutionNode = FALSE
	EndGlobalSection
	GlobalSection(ExtensibilityGlobals) = postSolution
		SolutionGuid = {E56CDB43-AF50-4C5C-92C6-E958F8C79F1C}
	EndGlobalSection
	GlobalSection(NestedProjects) = preSolution
		{0B486EA8-D5E4-4BA0-8DE6-01D08900BECE} = {D2D3D9C9-7C36-4454-A403-7AF943BD48EC}
		{20DCE7A6-4640-46E1-AAD2-4BDB0EAC2EF0} = {0B486EA8-D5E4-4BA0-8DE6-01D08900BECE}
		{A0029517-895B-4BD9-9E48-960FEF8F8F23} = {EABC85FD-2A53-4E10-BC4C-ED55EC8A4413}
		{C257E872-836F-49CB-AE9B-45C75E28927F} = {19812CB3-27D1-4D96-B310-140E71628A57}
		{0002941C-0463-4A64-93A7-C4DF9BC60B10} = {D2D3D9C9-7C36-4454-A403-7AF943BD48EC}
		{A5AFD818-2504-46A2-A695-E1FEC316CD1F} = {D2D3D9C9-7C36-4454-A403-7AF943BD48EC}
		{0265ECFD-715D-4F64-B428-765E043F6F7E} = {A5AFD818-2504-46A2-A695-E1FEC316CD1F}
		{7FB1AFBE-44AE-463E-B1FD-BEAD80091C21} = {D2D3D9C9-7C36-4454-A403-7AF943BD48EC}
		{9E56A4F1-7650-47EA-955D-1B2159F7B471} = {7FB1AFBE-44AE-463E-B1FD-BEAD80091C21}
		{6152FDC8-B2E8-4CB0-90C1-5B51A9A15B2E} = {0002941C-0463-4A64-93A7-C4DF9BC60B10}
		{6104DBB7-4DFC-484D-B0EC-86B9EE1C1E08} = {7FB1AFBE-44AE-463E-B1FD-BEAD80091C21}
		{787EAE56-F1C5-48A2-96A9-830C876CE2EE} = {D2D3D9C9-7C36-4454-A403-7AF943BD48EC}
		{D3EB82CA-C22E-4F16-B167-124415DEDE9D} = {787EAE56-F1C5-48A2-96A9-830C876CE2EE}
		{AC214F0E-51F5-46D8-8B77-1EC810655C5F} = {787EAE56-F1C5-48A2-96A9-830C876CE2EE}
		{B991ABDC-8F0C-494F-B34E-687754F3E1E0} = {787EAE56-F1C5-48A2-96A9-830C876CE2EE}
		{640E019C-9A10-45D4-A9A2-648C1CCBFF05} = {787EAE56-F1C5-48A2-96A9-830C876CE2EE}
		{31DED30A-4C31-4E12-B556-4B76F60D8CE0} = {787EAE56-F1C5-48A2-96A9-830C876CE2EE}
		{CA61071C-A4C3-4E85-A1BF-BE3E45D161AE} = {D2D3D9C9-7C36-4454-A403-7AF943BD48EC}
		{006146D8-20F2-4286-901C-DE69578A62B1} = {CA61071C-A4C3-4E85-A1BF-BE3E45D161AE}
	EndGlobalSection
EndGlobal
